
Microsoft Visual Studio Solution File, Format Version 12.00
# Visual Studio Version 17
VisualStudioVersion = 17.12.35707.178
MinimumVisualStudioVersion = 10.0.40219.1
Project("{FAE04EC0-301F-11D3-BF4B-00C04F79EFBC}") = "ConsoleApp1", "ConsoleApp1\ConsoleApp1.csproj", "{C01DDACF-2184-46BF-90BA-6308C1B708D2}"
EndProject
Project("{FAE04EC0-301F-11D3-BF4B-00C04F79EFBC}") = "OopsPrograms", "OopsPrograms\OopsPrograms.csproj", "{9E4C9D53-7895-482B-8D33-682DA2F6CB15}"
EndProject
Project("{FAE04EC0-301F-11D3-BF4B-00C04F79EFBC}") = "ClassLibrary1", "AxcessSpecifier\ClassLibrary1\ClassLibrary1.csproj", "{5CD88D45-6C34-4F3F-82A0-79E9933F47D5}"
EndProject
Project("{FAE04EC0-301F-11D3-BF4B-00C04F79EFBC}") = "EncapsulationExample", "Day4\EncapsulationExample\EncapsulationExample.csproj", "{B24AD57B-3345-4A5F-97EE-780C170647A8}"
EndProject
Project("{FAE04EC0-301F-11D3-BF4B-00C04F79EFBC}") = "OwnPrograms.cs", "Day4\self\OwnPrograms.cs\OwnPrograms.cs.csproj", "{0693F755-97E5-4640-945B-F1D7FB7CB852}"
EndProject
Project("{FAE04EC0-301F-11D3-BF4B-00C04F79EFBC}") = "AbstractionExample.cs", "AbstractionExample.cs\AbstractionExample.cs.csproj", "{2571965A-D4ED-49F6-8CBA-45731B6C3A6B}"
EndProject
Project("{FAE04EC0-301F-11D3-BF4B-00C04F79EFBC}") = "Inheritance.cs", "Inheritance\Inheritance.cs\Inheritance.cs.csproj", "{298D4C99-39ED-4BA2-B371-75F96D1E7696}"
EndProject
Project("{FAE04EC0-301F-11D3-BF4B-00C04F79EFBC}") = "Polymorphirm.cs", "Polymorphirm.cs\Polymorphirm.cs.csproj", "{062A93B9-79F7-4044-9B53-ED6365CA102E}"
EndProject
Project("{FAE04EC0-301F-11D3-BF4B-00C04F79EFBC}") = "CollectionExamples.cs", "ArrayList.cs\CollectionExamples.cs.csproj", "{5CDB939B-FD65-449D-AC38-63EC4F578563}"
EndProject
Project("{2150E333-8FDC-42A3-9474-1A3956D46DE8}") = "Solution Items", "Solution Items", "{D66D05BC-0E3B-424B-A011-5564D29AA4D2}"
EndProject
Project("{FAE04EC0-301F-11D3-BF4B-00C04F79EFBC}") = "HashExample.cs", "HashExample.cs\HashExample.cs.csproj", "{CC1ED1AE-05ED-4AF4-8111-1930AA6B11C4}"
EndProject
Project("{FAE04EC0-301F-11D3-BF4B-00C04F79EFBC}") = "Stack_Queue.cs", "Stack_Queue.cs\Stack_Queue.cs.csproj", "{368DF86D-C7AF-4852-941C-FDF4437B326A}"
EndProject
Project("{FAE04EC0-301F-11D3-BF4B-00C04F79EFBC}") = "Filehandling.cs", "Filehandling.cs\Filehandling.cs.csproj", "{95943E20-EE69-4951-B9EF-DEFF9F41BAC8}"
EndProject
Project("{FAE04EC0-301F-11D3-BF4B-00C04F79EFBC}") = "ConsoleProgram.cs", "ConsoleProgram.cs\ConsoleProgram.cs.csproj", "{43092CB8-EFAF-42C1-8CC1-163ABF08BCAF}"
EndProject
Global
	GlobalSection(SolutionConfigurationPlatforms) = preSolution
		Debug|Any CPU = Debug|Any CPU
		Release|Any CPU = Release|Any CPU
	EndGlobalSection
	GlobalSection(ProjectConfigurationPlatforms) = postSolution
		{C01DDACF-2184-46BF-90BA-6308C1B708D2}.Debug|Any CPU.ActiveCfg = Debug|Any CPU
		{C01DDACF-2184-46BF-90BA-6308C1B708D2}.Debug|Any CPU.Build.0 = Debug|Any CPU
		{C01DDACF-2184-46BF-90BA-6308C1B708D2}.Release|Any CPU.ActiveCfg = Release|Any CPU
		{C01DDACF-2184-46BF-90BA-6308C1B708D2}.Release|Any CPU.Build.0 = Release|Any CPU
		{9E4C9D53-7895-482B-8D33-682DA2F6CB15}.Debug|Any CPU.ActiveCfg = Debug|Any CPU
		{9E4C9D53-7895-482B-8D33-682DA2F6CB15}.Debug|Any CPU.Build.0 = Debug|Any CPU
		{9E4C9D53-7895-482B-8D33-682DA2F6CB15}.Release|Any CPU.ActiveCfg = Release|Any CPU
		{9E4C9D53-7895-482B-8D33-682DA2F6CB15}.Release|Any CPU.Build.0 = Release|Any CPU
		{5CD88D45-6C34-4F3F-82A0-79E9933F47D5}.Debug|Any CPU.ActiveCfg = Debug|Any CPU
		{5CD88D45-6C34-4F3F-82A0-79E9933F47D5}.Debug|Any CPU.Build.0 = Debug|Any CPU
		{5CD88D45-6C34-4F3F-82A0-79E9933F47D5}.Release|Any CPU.ActiveCfg = Release|Any CPU
		{5CD88D45-6C34-4F3F-82A0-79E9933F47D5}.Release|Any CPU.Build.0 = Release|Any CPU
		{B24AD57B-3345-4A5F-97EE-780C170647A8}.Debug|Any CPU.ActiveCfg = Debug|Any CPU
		{B24AD57B-3345-4A5F-97EE-780C170647A8}.Debug|Any CPU.Build.0 = Debug|Any CPU
		{B24AD57B-3345-4A5F-97EE-780C170647A8}.Release|Any CPU.ActiveCfg = Release|Any CPU
		{B24AD57B-3345-4A5F-97EE-780C170647A8}.Release|Any CPU.Build.0 = Release|Any CPU
		{0693F755-97E5-4640-945B-F1D7FB7CB852}.Debug|Any CPU.ActiveCfg = Debug|Any CPU
		{0693F755-97E5-4640-945B-F1D7FB7CB852}.Debug|Any CPU.Build.0 = Debug|Any CPU
		{0693F755-97E5-4640-945B-F1D7FB7CB852}.Release|Any CPU.ActiveCfg = Release|Any CPU
		{0693F755-97E5-4640-945B-F1D7FB7CB852}.Release|Any CPU.Build.0 = Release|Any CPU
		{2571965A-D4ED-49F6-8CBA-45731B6C3A6B}.Debug|Any CPU.ActiveCfg = Debug|Any CPU
		{2571965A-D4ED-49F6-8CBA-45731B6C3A6B}.Debug|Any CPU.Build.0 = Debug|Any CPU
		{2571965A-D4ED-49F6-8CBA-45731B6C3A6B}.Release|Any CPU.ActiveCfg = Release|Any CPU
		{2571965A-D4ED-49F6-8CBA-45731B6C3A6B}.Release|Any CPU.Build.0 = Release|Any CPU
		{298D4C99-39ED-4BA2-B371-75F96D1E7696}.Debug|Any CPU.ActiveCfg = Debug|Any CPU
		{298D4C99-39ED-4BA2-B371-75F96D1E7696}.Debug|Any CPU.Build.0 = Debug|Any CPU
		{298D4C99-39ED-4BA2-B371-75F96D1E7696}.Release|Any CPU.ActiveCfg = Release|Any CPU
		{298D4C99-39ED-4BA2-B371-75F96D1E7696}.Release|Any CPU.Build.0 = Release|Any CPU
		{062A93B9-79F7-4044-9B53-ED6365CA102E}.Debug|Any CPU.ActiveCfg = Debug|Any CPU
		{062A93B9-79F7-4044-9B53-ED6365CA102E}.Debug|Any CPU.Build.0 = Debug|Any CPU
		{062A93B9-79F7-4044-9B53-ED6365CA102E}.Release|Any CPU.ActiveCfg = Release|Any CPU
		{062A93B9-79F7-4044-9B53-ED6365CA102E}.Release|Any CPU.Build.0 = Release|Any CPU
		{5CDB939B-FD65-449D-AC38-63EC4F578563}.Debug|Any CPU.ActiveCfg = Debug|Any CPU
		{5CDB939B-FD65-449D-AC38-63EC4F578563}.Debug|Any CPU.Build.0 = Debug|Any CPU
		{5CDB939B-FD65-449D-AC38-63EC4F578563}.Release|Any CPU.ActiveCfg = Release|Any CPU
		{5CDB939B-FD65-449D-AC38-63EC4F578563}.Release|Any CPU.Build.0 = Release|Any CPU
		{CC1ED1AE-05ED-4AF4-8111-1930AA6B11C4}.Debug|Any CPU.ActiveCfg = Debug|Any CPU
		{CC1ED1AE-05ED-4AF4-8111-1930AA6B11C4}.Debug|Any CPU.Build.0 = Debug|Any CPU
		{CC1ED1AE-05ED-4AF4-8111-1930AA6B11C4}.Release|Any CPU.ActiveCfg = Release|Any CPU
		{CC1ED1AE-05ED-4AF4-8111-1930AA6B11C4}.Release|Any CPU.Build.0 = Release|Any CPU
		{368DF86D-C7AF-4852-941C-FDF4437B326A}.Debug|Any CPU.ActiveCfg = Debug|Any CPU
		{368DF86D-C7AF-4852-941C-FDF4437B326A}.Debug|Any CPU.Build.0 = Debug|Any CPU
		{368DF86D-C7AF-4852-941C-FDF4437B326A}.Release|Any CPU.ActiveCfg = Release|Any CPU
		{368DF86D-C7AF-4852-941C-FDF4437B326A}.Release|Any CPU.Build.0 = Release|Any CPU
		{95943E20-EE69-4951-B9EF-DEFF9F41BAC8}.Debug|Any CPU.ActiveCfg = Debug|Any CPU
		{95943E20-EE69-4951-B9EF-DEFF9F41BAC8}.Debug|Any CPU.Build.0 = Debug|Any CPU
		{95943E20-EE69-4951-B9EF-DEFF9F41BAC8}.Release|Any CPU.ActiveCfg = Release|Any CPU
		{95943E20-EE69-4951-B9EF-DEFF9F41BAC8}.Release|Any CPU.Build.0 = Release|Any CPU
		{43092CB8-EFAF-42C1-8CC1-163ABF08BCAF}.Debug|Any CPU.ActiveCfg = Debug|Any CPU
		{43092CB8-EFAF-42C1-8CC1-163ABF08BCAF}.Debug|Any CPU.Build.0 = Debug|Any CPU
		{43092CB8-EFAF-42C1-8CC1-163ABF08BCAF}.Release|Any CPU.ActiveCfg = Release|Any CPU
		{43092CB8-EFAF-42C1-8CC1-163ABF08BCAF}.Release|Any CPU.Build.0 = Release|Any CPU
	EndGlobalSection
	GlobalSection(SolutionProperties) = preSolution
		HideSolutionNode = FALSE
	EndGlobalSection
EndGlobal
